{
  "name": "ai-academy",
  "version": "1.0.0",
  "lockfileVersion": 3,
  "requires": true,
  "packages": {
    "": {
      "name": "ai-academy",
      "version": "1.0.0",
      "license": "ISC",
      "dependencies": {
        "cookie-parser": "...",
        "cors": "...",
        "dotenv": "...",
        "express": "...",
        "mongoose": "...",
        "serverless-http": "..."
      }
    },
    "...": {},
    "node_modules/cookie-parser": {
      "resolved": "...",
      "link": true
    },
    "node_modules/cors": {
      "resolved": "...",
      "link": true
    },
    "node_modules/dotenv": {
      "resolved": "...",
      "link": true
    },
    "node_modules/express": {
      "resolved": "...",
      "link": true
    },
    "node_modules/mongoose": {
      "resolved": "...",
      "link": true
    },
    "node_modules/serverless-http": {
      "resolved": "...",
      "link": true
    }
  }
}
